# This file is automatically @generated by Cargo.
# It is not intended for manual editing.
version = 3

[[package]]
name = "float"
version = "0.1.2"
source = "registry+https://github.com/rust-lang/crates.io-index"
checksum = "02533c9a8066b7b9dd3c0d6b7622c37cfb8d08a68ce4fe08d894a152af69b47f"

[[package]]
name = "lake_mixing_model"
version = "0.1.0"
dependencies = [
 "float",
]
